# Reusable workflow: update flake.lock via DeterminateSystems/update-flake-lock.
#
# The caller defines the schedule and triggers; this workflow handles the update.
# Pass secrets.token with a PAT when generated pull requests should trigger CI
# automatically. Pass secrets.nix_access_token when the flake reads private
# GitHub inputs.
#
# Caller example (Monday schedule):
#   on:
#     schedule:
#       - cron: "0 6 * * 1"
#     workflow_dispatch:
#   jobs:
#     update:
#       uses: genebean/.github/.github/workflows/update-flake-lock.yml@main
#       secrets:
#         token: ${{ secrets.CI_FLAKE_UPDATES }}
#         nix_access_token: ${{ secrets.CI_PRIVATE_FLAKE_READ }}

on:
  workflow_call:
    secrets:
      token:
        description: 'Optional PAT for PR creation (falls back to GITHUB_TOKEN)'
        required: false
      nix_access_token:
        description: 'Optional read token for private GitHub flake inputs'
        required: false

jobs:
  update:
    name: bump flake.lock
    runs-on: ubuntu-latest
    permissions:
      contents: write
      pull-requests: write
    steps:
      - uses: actions/checkout@v6
      - uses: DeterminateSystems/nix-installer-action@v22
      - uses: DeterminateSystems/magic-nix-cache-action@v14

      # Keep the read token out of the environment of earlier third-party
      # actions. Nix reads this per-user configuration when updating inputs.
      - name: Configure private flake authentication
        if: ${{ secrets.nix_access_token != '' }}
        env:
          NIX_ACCESS_TOKEN: ${{ secrets.nix_access_token }}
        run: |
          umask 077
          mkdir -p "$HOME/.config/nix"
          printf 'access-tokens = github.com=%s\n' "$NIX_ACCESS_TOKEN" >> "$HOME/.config/nix/nix.conf"

      - uses: DeterminateSystems/update-flake-lock@v28
        with:
          pr-title: "chore: update flake.lock"
          pr-labels: "dependencies,nix"
          commit-msg: "chore: update flake.lock"
          sign-commits: true
          token: ${{ secrets.token || github.token }}
